// !$*UTF8*$!
{
	archiveVersion = 1;
	classes = {
	};
	objectVersion = 46;
	objects = {

/* Begin PBXBuildFile section */
		0806AAF81D7EB1AF00D93D95 /* EquipManagerTests.swift in Sources */ = {isa = PBXBuildFile; fileRef = 0806AAF71D7EB1AF00D93D95 /* EquipManagerTests.swift */; };
		0806AB031D7EB1AF00D93D95 /* EquipManagerUITests.swift in Sources */ = {isa = PBXBuildFile; fileRef = 0806AB021D7EB1AF00D93D95 /* EquipManagerUITests.swift */; };
		0806AB6E1D7EB3EC00D93D95 /* libxml2.2.tbd in Frameworks */ = {isa = PBXBuildFile; fileRef = 0806AB6D1D7EB3EC00D93D95 /* libxml2.2.tbd */; };
		0806ABA41D7EB93000D93D95 /* Assets.xcassets in Resources */ = {isa = PBXBuildFile; fileRef = 0806AAE91D7EB1AF00D93D95 /* Assets.xcassets */; };
		0806ABA61D7EB9EA00D93D95 /* Alamofire.framework in Frameworks */ = {isa = PBXBuildFile; fileRef = 0806ABA51D7EB9EA00D93D95 /* Alamofire.framework */; };
		0806ABA71D7EB9EA00D93D95 /* Alamofire.framework in Embed Frameworks */ = {isa = PBXBuildFile; fileRef = 0806ABA51D7EB9EA00D93D95 /* Alamofire.framework */; settings = {ATTRIBUTES = (CodeSignOnCopy, RemoveHeadersOnCopy, ); }; };
		0806ABB61D7EBA0600D93D95 /* EquipFileControl.swift in Sources */ = {isa = PBXBuildFile; fileRef = 0806ABA91D7EBA0600D93D95 /* EquipFileControl.swift */; };
		0806ABB71D7EBA0600D93D95 /* EquipImageInfo.swift in Sources */ = {isa = PBXBuildFile; fileRef = 0806ABAA1D7EBA0600D93D95 /* EquipImageInfo.swift */; };
		0806ABB81D7EBA0600D93D95 /* EquipInfo.swift in Sources */ = {isa = PBXBuildFile; fileRef = 0806ABAB1D7EBA0600D93D95 /* EquipInfo.swift */; };
		0806ABB91D7EBA0600D93D95 /* EquipManager.swift in Sources */ = {isa = PBXBuildFile; fileRef = 0806ABAC1D7EBA0600D93D95 /* EquipManager.swift */; };
		0806ABBA1D7EBA0600D93D95 /* EquipNetInfo.swift in Sources */ = {isa = PBXBuildFile; fileRef = 0806ABAD1D7EBA0600D93D95 /* EquipNetInfo.swift */; };
		0806ABBB1D7EBA0600D93D95 /* EquipXmlInfo.swift in Sources */ = {isa = PBXBuildFile; fileRef = 0806ABAE1D7EBA0600D93D95 /* EquipXmlInfo.swift */; };
		0806ABBC1D7EBA0600D93D95 /* Extention.swift in Sources */ = {isa = PBXBuildFile; fileRef = 0806ABAF1D7EBA0600D93D95 /* Extention.swift */; };
		0806ABBD1D7EBA0600D93D95 /* FileInfo.swift in Sources */ = {isa = PBXBuildFile; fileRef = 0806ABB01D7EBA0600D93D95 /* FileInfo.swift */; };
		0806ABBE1D7EBA0600D93D95 /* FileSystem.swift in Sources */ = {isa = PBXBuildFile; fileRef = 0806ABB11D7EBA0600D93D95 /* FileSystem.swift */; };
		0806ABBF1D7EBA0600D93D95 /* GDataXMLNode.m in Sources */ = {isa = PBXBuildFile; fileRef = 0806ABB31D7EBA0600D93D95 /* GDataXMLNode.m */; };
		0806ABC01D7EBA0600D93D95 /* NetworkOperation.swift in Sources */ = {isa = PBXBuildFile; fileRef = 0806ABB41D7EBA0600D93D95 /* NetworkOperation.swift */; };
		0806ABC11D7EBA0600D93D95 /* XmlParser.swift in Sources */ = {isa = PBXBuildFile; fileRef = 0806ABB51D7EBA0600D93D95 /* XmlParser.swift */; };
		0806ABCC1D7EBA2100D93D95 /* AppDelegate.swift in Sources */ = {isa = PBXBuildFile; fileRef = 0806ABC21D7EBA2100D93D95 /* AppDelegate.swift */; };
		0806ABCD1D7EBA2100D93D95 /* DetailEquipTableViewCell.swift in Sources */ = {isa = PBXBuildFile; fileRef = 0806ABC31D7EBA2100D93D95 /* DetailEquipTableViewCell.swift */; };
		0806ABCE1D7EBA2100D93D95 /* DetailEquipTableViewController.swift in Sources */ = {isa = PBXBuildFile; fileRef = 0806ABC41D7EBA2100D93D95 /* DetailEquipTableViewController.swift */; };
		0806ABCF1D7EBA2100D93D95 /* DetailEquipViewController.swift in Sources */ = {isa = PBXBuildFile; fileRef = 0806ABC51D7EBA2100D93D95 /* DetailEquipViewController.swift */; };
		0806ABD01D7EBA2100D93D95 /* EquipImagePickerTableViewController.swift in Sources */ = {isa = PBXBuildFile; fileRef = 0806ABC61D7EBA2100D93D95 /* EquipImagePickerTableViewController.swift */; };
		0806ABD11D7EBA2100D93D95 /* EquipImageTableViewCell.swift in Sources */ = {isa = PBXBuildFile; fileRef = 0806ABC71D7EBA2100D93D95 /* EquipImageTableViewCell.swift */; };
		0806ABD21D7EBA2100D93D95 /* EquipListTableViewCell.swift in Sources */ = {isa = PBXBuildFile; fileRef = 0806ABC81D7EBA2100D93D95 /* EquipListTableViewCell.swift */; };
		0806ABD31D7EBA2100D93D95 /* EquipListTableViewController.swift in Sources */ = {isa = PBXBuildFile; fileRef = 0806ABC91D7EBA2100D93D95 /* EquipListTableViewController.swift */; };
		0806ABD41D7EBA2100D93D95 /* NewEquipTableViewController.swift in Sources */ = {isa = PBXBuildFile; fileRef = 0806ABCA1D7EBA2100D93D95 /* NewEquipTableViewController.swift */; };
		0806ABD51D7EBA2100D93D95 /* ViewController.swift in Sources */ = {isa = PBXBuildFile; fileRef = 0806ABCB1D7EBA2100D93D95 /* ViewController.swift */; };
		0806ABD81D7EBA6B00D93D95 /* LaunchScreen.storyboard in Resources */ = {isa = PBXBuildFile; fileRef = 0806ABD61D7EBA6B00D93D95 /* LaunchScreen.storyboard */; };
		0806ABD91D7EBA6B00D93D95 /* Main.storyboard in Resources */ = {isa = PBXBuildFile; fileRef = 0806ABD71D7EBA6B00D93D95 /* Main.storyboard */; };
		0806ABDC1D7EBABF00D93D95 /* equipImage.png in Resources */ = {isa = PBXBuildFile; fileRef = 0806ABDA1D7EBABF00D93D95 /* equipImage.png */; };
		0806ABDD1D7EBABF00D93D95 /* equipTwoCode.png in Resources */ = {isa = PBXBuildFile; fileRef = 0806ABDB1D7EBABF00D93D95 /* equipTwoCode.png */; };
/* End PBXBuildFile section */

/* Begin PBXContainerItemProxy section */
		0806AAF41D7EB1AF00D93D95 /* PBXContainerItemProxy */ = {
			isa = PBXContainerItemProxy;
			containerPortal = 0806AAD71D7EB1AF00D93D95 /* Project object */;
			proxyType = 1;
			remoteGlobalIDString = 0806AADE1D7EB1AF00D93D95;
			remoteInfo = EquipManager;
		};
		0806AAFF1D7EB1AF00D93D95 /* PBXContainerItemProxy */ = {
			isa = PBXContainerItemProxy;
			containerPortal = 0806AAD71D7EB1AF00D93D95 /* Project object */;
			proxyType = 1;
			remoteGlobalIDString = 0806AADE1D7EB1AF00D93D95;
			remoteInfo = EquipManager;
		};
/* End PBXContainerItemProxy section */

/* Begin PBXCopyFilesBuildPhase section */
		0806ABA31D7EB88500D93D95 /* Embed Frameworks */ = {
			isa = PBXCopyFilesBuildPhase;
			buildActionMask = 2147483647;
			dstPath = "";
			dstSubfolderSpec = 10;
			files = (
				0806ABA71D7EB9EA00D93D95 /* Alamofire.framework in Embed Frameworks */,
			);
			name = "Embed Frameworks";
			runOnlyForDeploymentPostprocessing = 0;
		};
/* End PBXCopyFilesBuildPhase section */

/* Begin PBXFileReference section */
		0806AADF1D7EB1AF00D93D95 /* EquipManager.app */ = {isa = PBXFileReference; explicitFileType = wrapper.application; includeInIndex = 0; path = EquipManager.app; sourceTree = BUILT_PRODUCTS_DIR; };
		0806AAE91D7EB1AF00D93D95 /* Assets.xcassets */ = {isa = PBXFileReference; lastKnownFileType = folder.assetcatalog; path = Assets.xcassets; sourceTree = "<group>"; };
		0806AAEE1D7EB1AF00D93D95 /* Info.plist */ = {isa = PBXFileReference; lastKnownFileType = text.plist.xml; name = Info.plist; path = ../Info.plist; sourceTree = "<group>"; };
		0806AAF31D7EB1AF00D93D95 /* EquipManagerTests.xctest */ = {isa = PBXFileReference; explicitFileType = wrapper.cfbundle; includeInIndex = 0; path = EquipManagerTests.xctest; sourceTree = BUILT_PRODUCTS_DIR; };
		0806AAF71D7EB1AF00D93D95 /* EquipManagerTests.swift */ = {isa = PBXFileReference; lastKnownFileType = sourcecode.swift; path = EquipManagerTests.swift; sourceTree = "<group>"; };
		0806AAF91D7EB1AF00D93D95 /* Info.plist */ = {isa = PBXFileReference; lastKnownFileType = text.plist.xml; path = Info.plist; sourceTree = "<group>"; };
		0806AAFE1D7EB1AF00D93D95 /* EquipManagerUITests.xctest */ = {isa = PBXFileReference; explicitFileType = wrapper.cfbundle; includeInIndex = 0; path = EquipManagerUITests.xctest; sourceTree = BUILT_PRODUCTS_DIR; };
		0806AB021D7EB1AF00D93D95 /* EquipManagerUITests.swift */ = {isa = PBXFileReference; lastKnownFileType = sourcecode.swift; path = EquipManagerUITests.swift; sourceTree = "<group>"; };
		0806AB041D7EB1AF00D93D95 /* Info.plist */ = {isa = PBXFileReference; lastKnownFileType = text.plist.xml; path = Info.plist; sourceTree = "<group>"; };
		0806AB6D1D7EB3EC00D93D95 /* libxml2.2.tbd */ = {isa = PBXFileReference; lastKnownFileType = "sourcecode.text-based-dylib-definition"; name = libxml2.2.tbd; path = usr/lib/libxml2.2.tbd; sourceTree = SDKROOT; };
		0806ABA51D7EB9EA00D93D95 /* Alamofire.framework */ = {isa = PBXFileReference; lastKnownFileType = wrapper.framework; name = Alamofire.framework; path = EquipManager/library/Alamofire.framework; sourceTree = "<group>"; };
		0806ABA81D7EB9F800D93D95 /* EquipManager-Bridging-Header.h */ = {isa = PBXFileReference; fileEncoding = 4; lastKnownFileType = sourcecode.c.h; name = "EquipManager-Bridging-Header.h"; path = "src/bridge-header/EquipManager-Bridging-Header.h"; sourceTree = "<group>"; };
		0806ABA91D7EBA0600D93D95 /* EquipFileControl.swift */ = {isa = PBXFileReference; fileEncoding = 4; lastKnownFileType = sourcecode.swift; name = EquipFileControl.swift; path = EquipManager/src/equip/EquipFileControl.swift; sourceTree = SOURCE_ROOT; };
		0806ABAA1D7EBA0600D93D95 /* EquipImageInfo.swift */ = {isa = PBXFileReference; fileEncoding = 4; lastKnownFileType = sourcecode.swift; name = EquipImageInfo.swift; path = EquipManager/src/equip/EquipImageInfo.swift; sourceTree = SOURCE_ROOT; };
		0806ABAB1D7EBA0600D93D95 /* EquipInfo.swift */ = {isa = PBXFileReference; fileEncoding = 4; lastKnownFileType = sourcecode.swift; name = EquipInfo.swift; path = EquipManager/src/equip/EquipInfo.swift; sourceTree = SOURCE_ROOT; };
		0806ABAC1D7EBA0600D93D95 /* EquipManager.swift */ = {isa = PBXFileReference; fileEncoding = 4; lastKnownFileType = sourcecode.swift; name = EquipManager.swift; path = EquipManager/src/equip/EquipManager.swift; sourceTree = SOURCE_ROOT; };
		0806ABAD1D7EBA0600D93D95 /* EquipNetInfo.swift */ = {isa = PBXFileReference; fileEncoding = 4; lastKnownFileType = sourcecode.swift; name = EquipNetInfo.swift; path = EquipManager/src/equip/EquipNetInfo.swift; sourceTree = SOURCE_ROOT; };
		0806ABAE1D7EBA0600D93D95 /* EquipXmlInfo.swift */ = {isa = PBXFileReference; fileEncoding = 4; lastKnownFileType = sourcecode.swift; name = EquipXmlInfo.swift; path = EquipManager/src/equip/EquipXmlInfo.swift; sourceTree = SOURCE_ROOT; };
		0806ABAF1D7EBA0600D93D95 /* Extention.swift */ = {isa = PBXFileReference; fileEncoding = 4; lastKnownFileType = sourcecode.swift; name = Extention.swift; path = EquipManager/src/equip/Extention.swift; sourceTree = SOURCE_ROOT; };
		0806ABB01D7EBA0600D93D95 /* FileInfo.swift */ = {isa = PBXFileReference; fileEncoding = 4; lastKnownFileType = sourcecode.swift; name = FileInfo.swift; path = EquipManager/src/equip/FileInfo.swift; sourceTree = SOURCE_ROOT; };
		0806ABB11D7EBA0600D93D95 /* FileSystem.swift */ = {isa = PBXFileReference; fileEncoding = 4; lastKnownFileType = sourcecode.swift; name = FileSystem.swift; path = EquipManager/src/equip/FileSystem.swift; sourceTree = SOURCE_ROOT; };
		0806ABB21D7EBA0600D93D95 /* GDataXMLNode.h */ = {isa = PBXFileReference; fileEncoding = 4; lastKnownFileType = sourcecode.c.h; name = GDataXMLNode.h; path = EquipManager/src/equip/GDataXMLNode.h; sourceTree = SOURCE_ROOT; };
		0806ABB31D7EBA0600D93D95 /* GDataXMLNode.m */ = {isa = PBXFileReference; fileEncoding = 4; lastKnownFileType = sourcecode.c.objc; name = GDataXMLNode.m; path = EquipManager/src/equip/GDataXMLNode.m; sourceTree = SOURCE_ROOT; };
		0806ABB41D7EBA0600D93D95 /* NetworkOperation.swift */ = {isa = PBXFileReference; fileEncoding = 4; lastKnownFileType = sourcecode.swift; name = NetworkOperation.swift; path = EquipManager/src/equip/NetworkOperation.swift; sourceTree = SOURCE_ROOT; };
		0806ABB51D7EBA0600D93D95 /* XmlParser.swift */ = {isa = PBXFileReference; fileEncoding = 4; lastKnownFileType = sourcecode.swift; name = XmlParser.swift; path = EquipManager/src/equip/XmlParser.swift; sourceTree = SOURCE_ROOT; };
		0806ABC21D7EBA2100D93D95 /* AppDelegate.swift */ = {isa = PBXFileReference; fileEncoding = 4; lastKnownFileType = sourcecode.swift; name = AppDelegate.swift; path = EquipManager/src/UI/AppDelegate.swift; sourceTree = SOURCE_ROOT; };
		0806ABC31D7EBA2100D93D95 /* DetailEquipTableViewCell.swift */ = {isa = PBXFileReference; fileEncoding = 4; lastKnownFileType = sourcecode.swift; name = DetailEquipTableViewCell.swift; path = EquipManager/src/UI/DetailEquipTableViewCell.swift; sourceTree = SOURCE_ROOT; };
		0806ABC41D7EBA2100D93D95 /* DetailEquipTableViewController.swift */ = {isa = PBXFileReference; fileEncoding = 4; lastKnownFileType = sourcecode.swift; name = DetailEquipTableViewController.swift; path = EquipManager/src/UI/DetailEquipTableViewController.swift; sourceTree = SOURCE_ROOT; };
		0806ABC51D7EBA2100D93D95 /* DetailEquipViewController.swift */ = {isa = PBXFileReference; fileEncoding = 4; lastKnownFileType = sourcecode.swift; name = DetailEquipViewController.swift; path = EquipManager/src/UI/DetailEquipViewController.swift; sourceTree = SOURCE_ROOT; };
		0806ABC61D7EBA2100D93D95 /* EquipImagePickerTableViewController.swift */ = {isa = PBXFileReference; fileEncoding = 4; lastKnownFileType = sourcecode.swift; name = EquipImagePickerTableViewController.swift; path = src/UI/EquipImagePickerTableViewController.swift; sourceTree = "<group>"; };
		0806ABC71D7EBA2100D93D95 /* EquipImageTableViewCell.swift */ = {isa = PBXFileReference; fileEncoding = 4; lastKnownFileType = sourcecode.swift; name = EquipImageTableViewCell.swift; path = src/UI/EquipImageTableViewCell.swift; sourceTree = "<group>"; };
		0806ABC81D7EBA2100D93D95 /* EquipListTableViewCell.swift */ = {isa = PBXFileReference; fileEncoding = 4; lastKnownFileType = sourcecode.swift; name = EquipListTableViewCell.swift; path = src/UI/EquipListTableViewCell.swift; sourceTree = "<group>"; };
		0806ABC91D7EBA2100D93D95 /* EquipListTableViewController.swift */ = {isa = PBXFileReference; fileEncoding = 4; lastKnownFileType = sourcecode.swift; name = EquipListTableViewController.swift; path = src/UI/EquipListTableViewController.swift; sourceTree = "<group>"; };
		0806ABCA1D7EBA2100D93D95 /* NewEquipTableViewController.swift */ = {isa = PBXFileReference; fileEncoding = 4; lastKnownFileType = sourcecode.swift; name = NewEquipTableViewController.swift; path = src/UI/NewEquipTableViewController.swift; sourceTree = "<group>"; };
		0806ABCB1D7EBA2100D93D95 /* ViewController.swift */ = {isa = PBXFileReference; fileEncoding = 4; lastKnownFileType = sourcecode.swift; name = ViewController.swift; path = src/UI/ViewController.swift; sourceTree = "<group>"; };
		0806ABD61D7EBA6B00D93D95 /* LaunchScreen.storyboard */ = {isa = PBXFileReference; fileEncoding = 4; lastKnownFileType = file.storyboard; name = LaunchScreen.storyboard; path = storyboard/LaunchScreen.storyboard; sourceTree = "<group>"; };
		0806ABD71D7EBA6B00D93D95 /* Main.storyboard */ = {isa = PBXFileReference; fileEncoding = 4; lastKnownFileType = file.storyboard; name = Main.storyboard; path = storyboard/Main.storyboard; sourceTree = "<group>"; };
		0806ABDA1D7EBABF00D93D95 /* equipImage.png */ = {isa = PBXFileReference; lastKnownFileType = image.png; name = equipImage.png; path = Assets.xcassets/equipImage.png; sourceTree = "<group>"; };
		0806ABDB1D7EBABF00D93D95 /* equipTwoCode.png */ = {isa = PBXFileReference; lastKnownFileType = image.png; name = equipTwoCode.png; path = Assets.xcassets/equipTwoCode.png; sourceTree = "<group>"; };
/* End PBXFileReference section */

/* Begin PBXFrameworksBuildPhase section */
		0806AADC1D7EB1AF00D93D95 /* Frameworks */ = {
			isa = PBXFrameworksBuildPhase;
			buildActionMask = 2147483647;
			files = (
				0806AB6E1D7EB3EC00D93D95 /* libxml2.2.tbd in Frameworks */,
				0806ABA61D7EB9EA00D93D95 /* Alamofire.framework in Frameworks */,
			);
			runOnlyForDeploymentPostprocessing = 0;
		};
		0806AAF01D7EB1AF00D93D95 /* Frameworks */ = {
			isa = PBXFrameworksBuildPhase;
			buildActionMask = 2147483647;
			files = (
			);
			runOnlyForDeploymentPostprocessing = 0;
		};
		0806AAFB1D7EB1AF00D93D95 /* Frameworks */ = {
			isa = PBXFrameworksBuildPhase;
			buildActionMask = 2147483647;
			files = (
			);
			runOnlyForDeploymentPostprocessing = 0;
		};
/* End PBXFrameworksBuildPhase section */

/* Begin PBXGroup section */
		0806AAD61D7EB1AF00D93D95 = {
			isa = PBXGroup;
			children = (
				0806ABA51D7EB9EA00D93D95 /* Alamofire.framework */,
				0806AB6D1D7EB3EC00D93D95 /* libxml2.2.tbd */,
				0806AAE11D7EB1AF00D93D95 /* EquipManager */,
				0806AAF61D7EB1AF00D93D95 /* EquipManagerTests */,
				0806AB011D7EB1AF00D93D95 /* EquipManagerUITests */,
				0806AAE01D7EB1AF00D93D95 /* Products */,
			);
			sourceTree = "<group>";
		};
		0806AAE01D7EB1AF00D93D95 /* Products */ = {
			isa = PBXGroup;
			children = (
				0806AADF1D7EB1AF00D93D95 /* EquipManager.app */,
				0806AAF31D7EB1AF00D93D95 /* EquipManagerTests.xctest */,
				0806AAFE1D7EB1AF00D93D95 /* EquipManagerUITests.xctest */,
			);
			name = Products;
			sourceTree = "<group>";
		};
		0806AAE11D7EB1AF00D93D95 /* EquipManager */ = {
			isa = PBXGroup;
			children = (
				0806ABA81D7EB9F800D93D95 /* EquipManager-Bridging-Header.h */,
				0806AB491D7EB34D00D93D95 /* Equip */,
				0806AB101D7EB2A000D93D95 /* UI */,
				0806AAE91D7EB1AF00D93D95 /* Assets.xcassets */,
				0806ABDA1D7EBABF00D93D95 /* equipImage.png */,
				0806ABDB1D7EBABF00D93D95 /* equipTwoCode.png */,
				0806ABD61D7EBA6B00D93D95 /* LaunchScreen.storyboard */,
				0806ABD71D7EBA6B00D93D95 /* Main.storyboard */,
				0806AAEE1D7EB1AF00D93D95 /* Info.plist */,
			);
			path = EquipManager;
			sourceTree = "<group>";
		};
		0806AAF61D7EB1AF00D93D95 /* EquipManagerTests */ = {
			isa = PBXGroup;
			children = (
				0806AAF71D7EB1AF00D93D95 /* EquipManagerTests.swift */,
				0806AAF91D7EB1AF00D93D95 /* Info.plist */,
			);
			path = EquipManagerTests;
			sourceTree = "<group>";
		};
		0806AB011D7EB1AF00D93D95 /* EquipManagerUITests */ = {
			isa = PBXGroup;
			children = (
				0806AB021D7EB1AF00D93D95 /* EquipManagerUITests.swift */,
				0806AB041D7EB1AF00D93D95 /* Info.plist */,
			);
			path = EquipManagerUITests;
			sourceTree = "<group>";
		};
		0806AB101D7EB2A000D93D95 /* UI */ = {
			isa = PBXGroup;
			children = (
				0806ABC21D7EBA2100D93D95 /* AppDelegate.swift */,
				0806ABC31D7EBA2100D93D95 /* DetailEquipTableViewCell.swift */,
				0806ABC41D7EBA2100D93D95 /* DetailEquipTableViewController.swift */,
				0806ABC51D7EBA2100D93D95 /* DetailEquipViewController.swift */,
				0806ABC61D7EBA2100D93D95 /* EquipImagePickerTableViewController.swift */,
				0806ABC71D7EBA2100D93D95 /* EquipImageTableViewCell.swift */,
				0806ABC81D7EBA2100D93D95 /* EquipListTableViewCell.swift */,
				0806ABC91D7EBA2100D93D95 /* EquipListTableViewController.swift */,
				0806ABCA1D7EBA2100D93D95 /* NewEquipTableViewController.swift */,
				0806ABCB1D7EBA2100D93D95 /* ViewController.swift */,
			);
			name = UI;
			sourceTree = "<group>";
		};
		0806AB491D7EB34D00D93D95 /* Equip */ = {
			isa = PBXGroup;
			children = (
				0806ABA91D7EBA0600D93D95 /* EquipFileControl.swift */,
				0806ABAA1D7EBA0600D93D95 /* EquipImageInfo.swift */,
				0806ABAB1D7EBA0600D93D95 /* EquipInfo.swift */,
				0806ABAC1D7EBA0600D93D95 /* EquipManager.swift */,
				0806ABAD1D7EBA0600D93D95 /* EquipNetInfo.swift */,
				0806ABAE1D7EBA0600D93D95 /* EquipXmlInfo.swift */,
				0806ABAF1D7EBA0600D93D95 /* Extention.swift */,
				0806ABB01D7EBA0600D93D95 /* FileInfo.swift */,
				0806ABB11D7EBA0600D93D95 /* FileSystem.swift */,
				0806ABB21D7EBA0600D93D95 /* GDataXMLNode.h */,
				0806ABB31D7EBA0600D93D95 /* GDataXMLNode.m */,
				0806ABB41D7EBA0600D93D95 /* NetworkOperation.swift */,
				0806ABB51D7EBA0600D93D95 /* XmlParser.swift */,
			);
			name = Equip;
			sourceTree = "<group>";
		};
/* End PBXGroup section */

/* Begin PBXNativeTarget section */
		0806AADE1D7EB1AF00D93D95 /* EquipManager */ = {
			isa = PBXNativeTarget;
			buildConfigurationList = 0806AB071D7EB1AF00D93D95 /* Build configuration list for PBXNativeTarget "EquipManager" */;
			buildPhases = (
				0806AADB1D7EB1AF00D93D95 /* Sources */,
				0806AADC1D7EB1AF00D93D95 /* Frameworks */,
				0806AADD1D7EB1AF00D93D95 /* Resources */,
				0806ABA31D7EB88500D93D95 /* Embed Frameworks */,
			);
			buildRules = (
			);
			dependencies = (
			);
			name = EquipManager;
			productName = EquipManager;
			productReference = 0806AADF1D7EB1AF00D93D95 /* EquipManager.app */;
			productType = "com.apple.product-type.application";
		};
		0806AAF21D7EB1AF00D93D95 /* EquipManagerTests */ = {
			isa = PBXNativeTarget;
			buildConfigurationList = 0806AB0A1D7EB1AF00D93D95 /* Build configuration list for PBXNativeTarget "EquipManagerTests" */;
			buildPhases = (
				0806AAEF1D7EB1AF00D93D95 /* Sources */,
				0806AAF01D7EB1AF00D93D95 /* Frameworks */,
				0806AAF11D7EB1AF00D93D95 /* Resources */,
			);
			buildRules = (
			);
			dependencies = (
				0806AAF51D7EB1AF00D93D95 /* PBXTargetDependency */,
			);
			name = EquipManagerTests;
			productName = EquipManagerTests;
			productReference = 0806AAF31D7EB1AF00D93D95 /* EquipManagerTests.xctest */;
			productType = "com.apple.product-type.bundle.unit-test";
		};
		0806AAFD1D7EB1AF00D93D95 /* EquipManagerUITests */ = {
			isa = PBXNativeTarget;
			buildConfigurationList = 0806AB0D1D7EB1AF00D93D95 /* Build configuration list for PBXNativeTarget "EquipManagerUITests" */;
			buildPhases = (
				0806AAFA1D7EB1AF00D93D95 /* Sources */,
				0806AAFB1D7EB1AF00D93D95 /* Frameworks */,
				0806AAFC1D7EB1AF00D93D95 /* Resources */,
			);
			buildRules = (
			);
			dependencies = (
				0806AB001D7EB1AF00D93D95 /* PBXTargetDependency */,
			);
			name = EquipManagerUITests;
			productName = EquipManagerUITests;
			productReference = 0806AAFE1D7EB1AF00D93D95 /* EquipManagerUITests.xctest */;
			productType = "com.apple.product-type.bundle.ui-testing";
		};
/* End PBXNativeTarget section */

/* Begin PBXProject section */
		0806AAD71D7EB1AF00D93D95 /* Project object */ = {
			isa = PBXProject;
			attributes = {
				LastSwiftUpdateCheck = 0730;
				LastUpgradeCheck = 0730;
				ORGANIZATIONNAME = LY;
				TargetAttributes = {
					0806AADE1D7EB1AF00D93D95 = {
						CreatedOnToolsVersion = 7.3.1;
					};
					0806AAF21D7EB1AF00D93D95 = {
						CreatedOnToolsVersion = 7.3.1;
						TestTargetID = 0806AADE1D7EB1AF00D93D95;
					};
					0806AAFD1D7EB1AF00D93D95 = {
						CreatedOnToolsVersion = 7.3.1;
						TestTargetID = 0806AADE1D7EB1AF00D93D95;
					};
				};
			};
			buildConfigurationList = 0806AADA1D7EB1AF00D93D95 /* Build configuration list for PBXProject "EquipManager" */;
			compatibilityVersion = "Xcode 3.2";
			developmentRegion = English;
			hasScannedForEncodings = 0;
			knownRegions = (
				en,
				Base,
			);
			mainGroup = 0806AAD61D7EB1AF00D93D95;
			productRefGroup = 0806AAE01D7EB1AF00D93D95 /* Products */;
			projectDirPath = "";
			projectRoot = "";
			targets = (
				0806AADE1D7EB1AF00D93D95 /* EquipManager */,
				0806AAF21D7EB1AF00D93D95 /* EquipManagerTests */,
				0806AAFD1D7EB1AF00D93D95 /* EquipManagerUITests */,
			);
		};
/* End PBXProject section */

/* Begin PBXResourcesBuildPhase section */
		0806AADD1D7EB1AF00D93D95 /* Resources */ = {
			isa = PBXResourcesBuildPhase;
			buildActionMask = 2147483647;
			files = (
				0806ABDD1D7EBABF00D93D95 /* equipTwoCode.png in Resources */,
				0806ABDC1D7EBABF00D93D95 /* equipImage.png in Resources */,
				0806ABD91D7EBA6B00D93D95 /* Main.storyboard in Resources */,
				0806ABA41D7EB93000D93D95 /* Assets.xcassets in Resources */,
				0806ABD81D7EBA6B00D93D95 /* LaunchScreen.storyboard in Resources */,
			);
			runOnlyForDeploymentPostprocessing = 0;
		};
		0806AAF11D7EB1AF00D93D95 /* Resources */ = {
			isa = PBXResourcesBuildPhase;
			buildActionMask = 2147483647;
			files = (
			);
			runOnlyForDeploymentPostprocessing = 0;
		};
		0806AAFC1D7EB1AF00D93D95 /* Resources */ = {
			isa = PBXResourcesBuildPhase;
			buildActionMask = 2147483647;
			files = (
			);
			runOnlyForDeploymentPostprocessing = 0;
		};
/* End PBXResourcesBuildPhase section */

/* Begin PBXSourcesBuildPhase section */
		0806AADB1D7EB1AF00D93D95 /* Sources */ = {
			isa = PBXSourcesBuildPhase;
			buildActionMask = 2147483647;
			files = (
				0806ABCF1D7EBA2100D93D95 /* DetailEquipViewController.swift in Sources */,
				0806ABBE1D7EBA0600D93D95 /* FileSystem.swift in Sources */,
				0806ABD41D7EBA2100D93D95 /* NewEquipTableViewController.swift in Sources */,
				0806ABB61D7EBA0600D93D95 /* EquipFileControl.swift in Sources */,
				0806ABD51D7EBA2100D93D95 /* ViewController.swift in Sources */,
				0806ABB91D7EBA0600D93D95 /* EquipManager.swift in Sources */,
				0806ABBC1D7EBA0600D93D95 /* Extention.swift in Sources */,
				0806ABC01D7EBA0600D93D95 /* NetworkOperation.swift in Sources */,
				0806ABD11D7EBA2100D93D95 /* EquipImageTableViewCell.swift in Sources */,
				0806ABB71D7EBA0600D93D95 /* EquipImageInfo.swift in Sources */,
				0806ABD31D7EBA2100D93D95 /* EquipListTableViewController.swift in Sources */,
				0806ABB81D7EBA0600D93D95 /* EquipInfo.swift in Sources */,
				0806ABBD1D7EBA0600D93D95 /* FileInfo.swift in Sources */,
				0806ABCC1D7EBA2100D93D95 /* AppDelegate.swift in Sources */,
				0806ABCD1D7EBA2100D93D95 /* DetailEquipTableViewCell.swift in Sources */,
				0806ABD21D7EBA2100D93D95 /* EquipListTableViewCell.swift in Sources */,
				0806ABC11D7EBA0600D93D95 /* XmlParser.swift in Sources */,
				0806ABCE1D7EBA2100D93D95 /* DetailEquipTableViewController.swift in Sources */,
				0806ABBF1D7EBA0600D93D95 /* GDataXMLNode.m in Sources */,
				0806ABBB1D7EBA0600D93D95 /* EquipXmlInfo.swift in Sources */,
				0806ABBA1D7EBA0600D93D95 /* EquipNetInfo.swift in Sources */,
				0806ABD01D7EBA2100D93D95 /* EquipImagePickerTableViewController.swift in Sources */,
			);
			runOnlyForDeploymentPostprocessing = 0;
		};
		0806AAEF1D7EB1AF00D93D95 /* Sources */ = {
			isa = PBXSourcesBuildPhase;
			buildActionMask = 2147483647;
			files = (
				0806AAF81D7EB1AF00D93D95 /* EquipManagerTests.swift in Sources */,
			);
			runOnlyForDeploymentPostprocessing = 0;
		};
		0806AAFA1D7EB1AF00D93D95 /* Sources */ = {
			isa = PBXSourcesBuildPhase;
			buildActionMask = 2147483647;
			files = (
				0806AB031D7EB1AF00D93D95 /* EquipManagerUITests.swift in Sources */,
			);
			runOnlyForDeploymentPostprocessing = 0;
		};
/* End PBXSourcesBuildPhase section */

/* Begin PBXTargetDependency section */
		0806AAF51D7EB1AF00D93D95 /* PBXTargetDependency */ = {
			isa = PBXTargetDependency;
			target = 0806AADE1D7EB1AF00D93D95 /* EquipManager */;
			targetProxy = 0806AAF41D7EB1AF00D93D95 /* PBXContainerItemProxy */;
		};
		0806AB001D7EB1AF00D93D95 /* PBXTargetDependency */ = {
			isa = PBXTargetDependency;
			target = 0806AADE1D7EB1AF00D93D95 /* EquipManager */;
			targetProxy = 0806AAFF1D7EB1AF00D93D95 /* PBXContainerItemProxy */;
		};
/* End PBXTargetDependency section */

/* Begin XCBuildConfiguration section */
		0806AB051D7EB1AF00D93D95 /* Debug */ = {
			isa = XCBuildConfiguration;
			buildSettings = {
				ALWAYS_SEARCH_USER_PATHS = NO;
				CLANG_ANALYZER_NONNULL = YES;
				CLANG_CXX_LANGUAGE_STANDARD = "gnu++0x";
				CLANG_CXX_LIBRARY = "libc++";
				CLANG_ENABLE_MODULES = YES;
				CLANG_ENABLE_OBJC_ARC = YES;
				CLANG_WARN_BOOL_CONVERSION = YES;
				CLANG_WARN_CONSTANT_CONVERSION = YES;
				CLANG_WARN_DIRECT_OBJC_ISA_USAGE = YES_ERROR;
				CLANG_WARN_EMPTY_BODY = YES;
				CLANG_WARN_ENUM_CONVERSION = YES;
				CLANG_WARN_INT_CONVERSION = YES;
				CLANG_WARN_OBJC_ROOT_CLASS = YES_ERROR;
				CLANG_WARN_UNREACHABLE_CODE = YES;
				CLANG_WARN__DUPLICATE_METHOD_MATCH = YES;
				"CODE_SIGN_IDENTITY[sdk=iphoneos*]" = "iPhone Developer";
				COPY_PHASE_STRIP = NO;
				DEBUG_INFORMATION_FORMAT = dwarf;
				ENABLE_STRICT_OBJC_MSGSEND = YES;
				ENABLE_TESTABILITY = YES;
				GCC_C_LANGUAGE_STANDARD = gnu99;
				GCC_DYNAMIC_NO_PIC = NO;
				GCC_NO_COMMON_BLOCKS = YES;
				GCC_OPTIMIZATION_LEVEL = 0;
				GCC_PREPROCESSOR_DEFINITIONS = (
					"DEBUG=1",
					"$(inherited)",
				);
				GCC_WARN_64_TO_32_BIT_CONVERSION = YES;
				GCC_WARN_ABOUT_RETURN_TYPE = YES_ERROR;
				GCC_WARN_UNDECLARED_SELECTOR = YES;
				GCC_WARN_UNINITIALIZED_AUTOS = YES_AGGRESSIVE;
				GCC_WARN_UNUSED_FUNCTION = YES;
				GCC_WARN_UNUSED_VARIABLE = YES;
				IPHONEOS_DEPLOYMENT_TARGET = 9.3;
				MTL_ENABLE_DEBUG_INFO = YES;
				ONLY_ACTIVE_ARCH = YES;
				SDKROOT = iphoneos;
				SWIFT_OPTIMIZATION_LEVEL = "-Onone";
			};
			name = Debug;
		};
		0806AB061D7EB1AF00D93D95 /* Release */ = {
			isa = XCBuildConfiguration;
			buildSettings = {
				ALWAYS_SEARCH_USER_PATHS = NO;
				CLANG_ANALYZER_NONNULL = YES;
				CLANG_CXX_LANGUAGE_STANDARD = "gnu++0x";
				CLANG_CXX_LIBRARY = "libc++";
				CLANG_ENABLE_MODULES = YES;
				CLANG_ENABLE_OBJC_ARC = YES;
				CLANG_WARN_BOOL_CONVERSION = YES;
				CLANG_WARN_CONSTANT_CONVERSION = YES;
				CLANG_WARN_DIRECT_OBJC_ISA_USAGE = YES_ERROR;
				CLANG_WARN_EMPTY_BODY = YES;
				CLANG_WARN_ENUM_CONVERSION = YES;
				CLANG_WARN_INT_CONVERSION = YES;
				CLANG_WARN_OBJC_ROOT_CLASS = YES_ERROR;
				CLANG_WARN_UNREACHABLE_CODE = YES;
				CLANG_WARN__DUPLICATE_METHOD_MATCH = YES;
				"CODE_SIGN_IDENTITY[sdk=iphoneos*]" = "iPhone Developer";
				COPY_PHASE_STRIP = NO;
				DEBUG_INFORMATION_FORMAT = "dwarf-with-dsym";
				ENABLE_NS_ASSERTIONS = NO;
				ENABLE_STRICT_OBJC_MSGSEND = YES;
				GCC_C_LANGUAGE_STANDARD = gnu99;
				GCC_NO_COMMON_BLOCKS = YES;
				GCC_WARN_64_TO_32_BIT_CONVERSION = YES;
				GCC_WARN_ABOUT_RETURN_TYPE = YES_ERROR;
				GCC_WARN_UNDECLARED_SELECTOR = YES;
				GCC_WARN_UNINITIALIZED_AUTOS = YES_AGGRESSIVE;
				GCC_WARN_UNUSED_FUNCTION = YES;
				GCC_WARN_UNUSED_VARIABLE = YES;
				IPHONEOS_DEPLOYMENT_TARGET = 9.3;
				MTL_ENABLE_DEBUG_INFO = NO;
				SDKROOT = iphoneos;
				VALIDATE_PRODUCT = YES;
			};
			name = Release;
		};
		0806AB081D7EB1AF00D93D95 /* Debug */ = {
			isa = XCBuildConfiguration;
			buildSettings = {
				ASSETCATALOG_COMPILER_APPICON_NAME = AppIcon;
				CLANG_ENABLE_MODULES = YES;
				CLANG_ENABLE_OBJC_ARC = NO;
				FRAMEWORK_SEARCH_PATHS = (
					"$(inherited)",
					"$(PROJECT_DIR)/library",
					"$(PROJECT_DIR)/EquipManager/library",
				);
				HEADER_SEARCH_PATHS = "$(SDK_DIR)/usr/include/libxml2";
				INFOPLIST_FILE = "$(SRCROOT)/Info.plist";
				LD_RUNPATH_SEARCH_PATHS = "$(inherited) @executable_path/Frameworks";
				PRODUCT_BUNDLE_IDENTIFIER = test.EquipManager;
				PRODUCT_NAME = "$(TARGET_NAME)";
				SWIFT_OBJC_BRIDGING_HEADER = "$(PROJECT_DIR)/EquipManager/src/bridge-header/EquipManager-Bridging-Header.h";
				SWIFT_OPTIMIZATION_LEVEL = "-Onone";
			};
			name = Debug;
		};
		0806AB091D7EB1AF00D93D95 /* Release */ = {
			isa = XCBuildConfiguration;
			buildSettings = {
				ASSETCATALOG_COMPILER_APPICON_NAME = AppIcon;
				CLANG_ENABLE_MODULES = YES;
				CLANG_ENABLE_OBJC_ARC = NO;
				FRAMEWORK_SEARCH_PATHS = (
					"$(inherited)",
					"$(PROJECT_DIR)/library",
					"$(PROJECT_DIR)/EquipManager/library",
				);
				HEADER_SEARCH_PATHS = "$(SDK_DIR)/usr/include/libxml2";
				INFOPLIST_FILE = "$(SRCROOT)/Info.plist";
				LD_RUNPATH_SEARCH_PATHS = "$(inherited) @executable_path/Frameworks";
				PRODUCT_BUNDLE_IDENTIFIER = test.EquipManager;
				PRODUCT_NAME = "$(TARGET_NAME)";
				SWIFT_OBJC_BRIDGING_HEADER = "$(PROJECT_DIR)/EquipManager/src/bridge-header/EquipManager-Bridging-Header.h";
			};
			name = Release;
		};
		0806AB0B1D7EB1AF00D93D95 /* Debug */ = {
			isa = XCBuildConfiguration;
			buildSettings = {
				BUNDLE_LOADER = "$(TEST_HOST)";
				INFOPLIST_FILE = EquipManagerTests/Info.plist;
				LD_RUNPATH_SEARCH_PATHS = "$(inherited) @executable_path/Frameworks @loader_path/Frameworks";
				PRODUCT_BUNDLE_IDENTIFIER = test.EquipManagerTests;
				PRODUCT_NAME = "$(TARGET_NAME)";
				TEST_HOST = "$(BUILT_PRODUCTS_DIR)/EquipManager.app/EquipManager";
			};
			name = Debug;
		};
		0806AB0C1D7EB1AF00D93D95 /* Release */ = {
			isa = XCBuildConfiguration;
			buildSettings = {
				BUNDLE_LOADER = "$(TEST_HOST)";
				INFOPLIST_FILE = EquipManagerTests/Info.plist;
				LD_RUNPATH_SEARCH_PATHS = "$(inherited) @executable_path/Frameworks @loader_path/Frameworks";
				PRODUCT_BUNDLE_IDENTIFIER = test.EquipManagerTests;
				PRODUCT_NAME = "$(TARGET_NAME)";
				TEST_HOST = "$(BUILT_PRODUCTS_DIR)/EquipManager.app/EquipManager";
			};
			name = Release;
		};
		0806AB0E1D7EB1AF00D93D95 /* Debug */ = {
			isa = XCBuildConfiguration;
			buildSettings = {
				INFOPLIST_FILE = EquipManagerUITests/Info.plist;
				LD_RUNPATH_SEARCH_PATHS = "$(inherited) @executable_path/Frameworks @loader_path/Frameworks";
				PRODUCT_BUNDLE_IDENTIFIER = test.EquipManagerUITests;
				PRODUCT_NAME = "$(TARGET_NAME)";
				TEST_TARGET_NAME = EquipManager;
			};
			name = Debug;
		};
		0806AB0F1D7EB1AF00D93D95 /* Release */ = {
			isa = XCBuildConfiguration;
			buildSettings = {
				INFOPLIST_FILE = EquipManagerUITests/Info.plist;
				LD_RUNPATH_SEARCH_PATHS = "$(inherited) @executable_path/Frameworks @loader_path/Frameworks";
				PRODUCT_BUNDLE_IDENTIFIER = test.EquipManagerUITests;
				PRODUCT_NAME = "$(TARGET_NAME)";
				TEST_TARGET_NAME = EquipManager;
			};
			name = Release;
		};
/* End XCBuildConfiguration section */

/* Begin XCConfigurationList section */
		0806AADA1D7EB1AF00D93D95 /* Build configuration list for PBXProject "EquipManager" */ = {
			isa = XCConfigurationList;
			buildConfigurations = (
				0806AB051D7EB1AF00D93D95 /* Debug */,
				0806AB061D7EB1AF00D93D95 /* Release */,
			);
			defaultConfigurationIsVisible = 0;
			defaultConfigurationName = Release;
		};
		0806AB071D7EB1AF00D93D95 /* Build configuration list for PBXNativeTarget "EquipManager" */ = {
			isa = XCConfigurationList;
			buildConfigurations = (
				0806AB081D7EB1AF00D93D95 /* Debug */,
				0806AB091D7EB1AF00D93D95 /* Release */,
			);
			defaultConfigurationIsVisible = 0;
			defaultConfigurationName = Release;
		};
		0806AB0A1D7EB1AF00D93D95 /* Build configuration list for PBXNativeTarget "EquipManagerTests" */ = {
			isa = XCConfigurationList;
			buildConfigurations = (
				0806AB0B1D7EB1AF00D93D95 /* Debug */,
				0806AB0C1D7EB1AF00D93D95 /* Release */,
			);
			defaultConfigurationIsVisible = 0;
			defaultConfigurationName = Release;
		};
		0806AB0D1D7EB1AF00D93D95 /* Build configuration list for PBXNativeTarget "EquipManagerUITests" */ = {
			isa = XCConfigurationList;
			buildConfigurations = (
				0806AB0E1D7EB1AF00D93D95 /* Debug */,
				0806AB0F1D7EB1AF00D93D95 /* Release */,
			);
			defaultConfigurationIsVisible = 0;
			defaultConfigurationName = Release;
		};
/* End XCConfigurationList section */
	};
	rootObject = 0806AAD71D7EB1AF00D93D95 /* Project object */;
}
